
Microsoft Visual Studio Solution File, Format Version 12.00
# Visual Studio Version 17
VisualStudioVersion = 17.0.31903.59
MinimumVisualStudioVersion = 10.0.40219.1
Project("{2150E333-8FDC-42A3-9474-1A3956D46DE8}") = "Shared", "Shared", "{4F52FD11-658E-A102-6CD3-7D7C16FFA15B}"
EndProject
Project("{FAE04EC0-301F-11D3-BF4B-00C04F79EFBC}") = "BookStore.common", "Shared\BookStore.common\BookStore.common.csproj", "{995EDFA3-A0CC-4F84-A6F3-E1F207A8A987}"
EndProject
Project("{FAE04EC0-301F-11D3-BF4B-00C04F79EFBC}") = "BookStore.Constants", "Shared\BookStore.Constants\BookStore.Constants.csproj", "{2612FE69-3C00-42AB-80BE-ACBAA5C1E251}"
EndProject
Project("{FAE04EC0-301F-11D3-BF4B-00C04F79EFBC}") = "BookStore.Utils", "Shared\BookStore.Utils\BookStore.Utils.csproj", "{E37AD926-EF55-41D6-A5DE-B416CBF66946}"
EndProject
Project("{2150E333-8FDC-42A3-9474-1A3956D46DE8}") = "Core", "Core", "{FBF56CC3-7AE6-AD2D-3F14-7F97FD322CD6}"
EndProject
Project("{FAE04EC0-301F-11D3-BF4B-00C04F79EFBC}") = "BookStore.API", "Core\BookStore.API\BookStore.API.csproj", "{356BE70E-D123-49EA-9DC1-12484A5387AD}"
EndProject
Project("{FAE04EC0-301F-11D3-BF4B-00C04F79EFBC}") = "BookStore.Application", "Core\BookStore.Application\BookStore.Application.csproj", "{A46431D2-66E9-49BC-84E6-F1999FCFFF50}"
EndProject
Project("{FAE04EC0-301F-11D3-BF4B-00C04F79EFBC}") = "BookStore.Domain", "Core\BookStore.Domain\BookStore.Domain.csproj", "{301ADB67-3B1C-4399-BB69-C202390FB99C}"
EndProject
Project("{FAE04EC0-301F-11D3-BF4B-00C04F79EFBC}") = "BookStore.Infrastructure", "Core\BookStore.Infrastructure\BookStore.Infrastructure.csproj", "{F681D5F8-3428-4B90-B000-F89926539367}"
EndProject
Global
	GlobalSection(SolutionConfigurationPlatforms) = preSolution
		Debug|Any CPU = Debug|Any CPU
		Debug|x64 = Debug|x64
		Debug|x86 = Debug|x86
		Release|Any CPU = Release|Any CPU
		Release|x64 = Release|x64
		Release|x86 = Release|x86
	EndGlobalSection
	GlobalSection(ProjectConfigurationPlatforms) = postSolution
		{995EDFA3-A0CC-4F84-A6F3-E1F207A8A987}.Debug|Any CPU.ActiveCfg = Debug|Any CPU
		{995EDFA3-A0CC-4F84-A6F3-E1F207A8A987}.Debug|Any CPU.Build.0 = Debug|Any CPU
		{995EDFA3-A0CC-4F84-A6F3-E1F207A8A987}.Debug|x64.ActiveCfg = Debug|Any CPU
		{995EDFA3-A0CC-4F84-A6F3-E1F207A8A987}.Debug|x64.Build.0 = Debug|Any CPU
		{995EDFA3-A0CC-4F84-A6F3-E1F207A8A987}.Debug|x86.ActiveCfg = Debug|Any CPU
		{995EDFA3-A0CC-4F84-A6F3-E1F207A8A987}.Debug|x86.Build.0 = Debug|Any CPU
		{995EDFA3-A0CC-4F84-A6F3-E1F207A8A987}.Release|Any CPU.ActiveCfg = Release|Any CPU
		{995EDFA3-A0CC-4F84-A6F3-E1F207A8A987}.Release|Any CPU.Build.0 = Release|Any CPU
		{995EDFA3-A0CC-4F84-A6F3-E1F207A8A987}.Release|x64.ActiveCfg = Release|Any CPU
		{995EDFA3-A0CC-4F84-A6F3-E1F207A8A987}.Release|x64.Build.0 = Release|Any CPU
		{995EDFA3-A0CC-4F84-A6F3-E1F207A8A987}.Release|x86.ActiveCfg = Release|Any CPU
		{995EDFA3-A0CC-4F84-A6F3-E1F207A8A987}.Release|x86.Build.0 = Release|Any CPU
		{2612FE69-3C00-42AB-80BE-ACBAA5C1E251}.Debug|Any CPU.ActiveCfg = Debug|Any CPU
		{2612FE69-3C00-42AB-80BE-ACBAA5C1E251}.Debug|Any CPU.Build.0 = Debug|Any CPU
		{2612FE69-3C00-42AB-80BE-ACBAA5C1E251}.Debug|x64.ActiveCfg = Debug|Any CPU
		{2612FE69-3C00-42AB-80BE-ACBAA5C1E251}.Debug|x64.Build.0 = Debug|Any CPU
		{2612FE69-3C00-42AB-80BE-ACBAA5C1E251}.Debug|x86.ActiveCfg = Debug|Any CPU
		{2612FE69-3C00-42AB-80BE-ACBAA5C1E251}.Debug|x86.Build.0 = Debug|Any CPU
		{2612FE69-3C00-42AB-80BE-ACBAA5C1E251}.Release|Any CPU.ActiveCfg = Release|Any CPU
		{2612FE69-3C00-42AB-80BE-ACBAA5C1E251}.Release|Any CPU.Build.0 = Release|Any CPU
		{2612FE69-3C00-42AB-80BE-ACBAA5C1E251}.Release|x64.ActiveCfg = Release|Any CPU
		{2612FE69-3C00-42AB-80BE-ACBAA5C1E251}.Release|x64.Build.0 = Release|Any CPU
		{2612FE69-3C00-42AB-80BE-ACBAA5C1E251}.Release|x86.ActiveCfg = Release|Any CPU
		{2612FE69-3C00-42AB-80BE-ACBAA5C1E251}.Release|x86.Build.0 = Release|Any CPU
		{E37AD926-EF55-41D6-A5DE-B416CBF66946}.Debug|Any CPU.ActiveCfg = Debug|Any CPU
		{E37AD926-EF55-41D6-A5DE-B416CBF66946}.Debug|Any CPU.Build.0 = Debug|Any CPU
		{E37AD926-EF55-41D6-A5DE-B416CBF66946}.Debug|x64.ActiveCfg = Debug|Any CPU
		{E37AD926-EF55-41D6-A5DE-B416CBF66946}.Debug|x64.Build.0 = Debug|Any CPU
		{E37AD926-EF55-41D6-A5DE-B416CBF66946}.Debug|x86.ActiveCfg = Debug|Any CPU
		{E37AD926-EF55-41D6-A5DE-B416CBF66946}.Debug|x86.Build.0 = Debug|Any CPU
		{E37AD926-EF55-41D6-A5DE-B416CBF66946}.Release|Any CPU.ActiveCfg = Release|Any CPU
		{E37AD926-EF55-41D6-A5DE-B416CBF66946}.Release|Any CPU.Build.0 = Release|Any CPU
		{E37AD926-EF55-41D6-A5DE-B416CBF66946}.Release|x64.ActiveCfg = Release|Any CPU
		{E37AD926-EF55-41D6-A5DE-B416CBF66946}.Release|x64.Build.0 = Release|Any CPU
		{E37AD926-EF55-41D6-A5DE-B416CBF66946}.Release|x86.ActiveCfg = Release|Any CPU
		{E37AD926-EF55-41D6-A5DE-B416CBF66946}.Release|x86.Build.0 = Release|Any CPU
		{356BE70E-D123-49EA-9DC1-12484A5387AD}.Debug|Any CPU.ActiveCfg = Debug|Any CPU
		{356BE70E-D123-49EA-9DC1-12484A5387AD}.Debug|Any CPU.Build.0 = Debug|Any CPU
		{356BE70E-D123-49EA-9DC1-12484A5387AD}.Debug|x64.ActiveCfg = Debug|Any CPU
		{356BE70E-D123-49EA-9DC1-12484A5387AD}.Debug|x64.Build.0 = Debug|Any CPU
		{356BE70E-D123-49EA-9DC1-12484A5387AD}.Debug|x86.ActiveCfg = Debug|Any CPU
		{356BE70E-D123-49EA-9DC1-12484A5387AD}.Debug|x86.Build.0 = Debug|Any CPU
		{356BE70E-D123-49EA-9DC1-12484A5387AD}.Release|Any CPU.ActiveCfg = Release|Any CPU
		{356BE70E-D123-49EA-9DC1-12484A5387AD}.Release|Any CPU.Build.0 = Release|Any CPU
		{356BE70E-D123-49EA-9DC1-12484A5387AD}.Release|x64.ActiveCfg = Release|Any CPU
		{356BE70E-D123-49EA-9DC1-12484A5387AD}.Release|x64.Build.0 = Release|Any CPU
		{356BE70E-D123-49EA-9DC1-12484A5387AD}.Release|x86.ActiveCfg = Release|Any CPU
		{356BE70E-D123-49EA-9DC1-12484A5387AD}.Release|x86.Build.0 = Release|Any CPU
		{A46431D2-66E9-49BC-84E6-F1999FCFFF50}.Debug|Any CPU.ActiveCfg = Debug|Any CPU
		{A46431D2-66E9-49BC-84E6-F1999FCFFF50}.Debug|Any CPU.Build.0 = Debug|Any CPU
		{A46431D2-66E9-49BC-84E6-F1999FCFFF50}.Debug|x64.ActiveCfg = Debug|Any CPU
		{A46431D2-66E9-49BC-84E6-F1999FCFFF50}.Debug|x64.Build.0 = Debug|Any CPU
		{A46431D2-66E9-49BC-84E6-F1999FCFFF50}.Debug|x86.ActiveCfg = Debug|Any CPU
		{A46431D2-66E9-49BC-84E6-F1999FCFFF50}.Debug|x86.Build.0 = Debug|Any CPU
		{A46431D2-66E9-49BC-84E6-F1999FCFFF50}.Release|Any CPU.ActiveCfg = Release|Any CPU
		{A46431D2-66E9-49BC-84E6-F1999FCFFF50}.Release|Any CPU.Build.0 = Release|Any CPU
		{A46431D2-66E9-49BC-84E6-F1999FCFFF50}.Release|x64.ActiveCfg = Release|Any CPU
		{A46431D2-66E9-49BC-84E6-F1999FCFFF50}.Release|x64.Build.0 = Release|Any CPU
		{A46431D2-66E9-49BC-84E6-F1999FCFFF50}.Release|x86.ActiveCfg = Release|Any CPU
		{A46431D2-66E9-49BC-84E6-F1999FCFFF50}.Release|x86.Build.0 = Release|Any CPU
		{301ADB67-3B1C-4399-BB69-C202390FB99C}.Debug|Any CPU.ActiveCfg = Debug|Any CPU
		{301ADB67-3B1C-4399-BB69-C202390FB99C}.Debug|Any CPU.Build.0 = Debug|Any CPU
		{301ADB67-3B1C-4399-BB69-C202390FB99C}.Debug|x64.ActiveCfg = Debug|Any CPU
		{301ADB67-3B1C-4399-BB69-C202390FB99C}.Debug|x64.Build.0 = Debug|Any CPU
		{301ADB67-3B1C-4399-BB69-C202390FB99C}.Debug|x86.ActiveCfg = Debug|Any CPU
		{301ADB67-3B1C-4399-BB69-C202390FB99C}.Debug|x86.Build.0 = Debug|Any CPU
		{301ADB67-3B1C-4399-BB69-C202390FB99C}.Release|Any CPU.ActiveCfg = Release|Any CPU
		{301ADB67-3B1C-4399-BB69-C202390FB99C}.Release|Any CPU.Build.0 = Release|Any CPU
		{301ADB67-3B1C-4399-BB69-C202390FB99C}.Release|x64.ActiveCfg = Release|Any CPU
		{301ADB67-3B1C-4399-BB69-C202390FB99C}.Release|x64.Build.0 = Release|Any CPU
		{301ADB67-3B1C-4399-BB69-C202390FB99C}.Release|x86.ActiveCfg = Release|Any CPU
		{301ADB67-3B1C-4399-BB69-C202390FB99C}.Release|x86.Build.0 = Release|Any CPU
		{F681D5F8-3428-4B90-B000-F89926539367}.Debug|Any CPU.ActiveCfg = Debug|Any CPU
		{F681D5F8-3428-4B90-B000-F89926539367}.Debug|Any CPU.Build.0 = Debug|Any CPU
		{F681D5F8-3428-4B90-B000-F89926539367}.Debug|x64.ActiveCfg = Debug|Any CPU
		{F681D5F8-3428-4B90-B000-F89926539367}.Debug|x64.Build.0 = Debug|Any CPU
		{F681D5F8-3428-4B90-B000-F89926539367}.Debug|x86.ActiveCfg = Debug|Any CPU
		{F681D5F8-3428-4B90-B000-F89926539367}.Debug|x86.Build.0 = Debug|Any CPU
		{F681D5F8-3428-4B90-B000-F89926539367}.Release|Any CPU.ActiveCfg = Release|Any CPU
		{F681D5F8-3428-4B90-B000-F89926539367}.Release|Any CPU.Build.0 = Release|Any CPU
		{F681D5F8-3428-4B90-B000-F89926539367}.Release|x64.ActiveCfg = Release|Any CPU
		{F681D5F8-3428-4B90-B000-F89926539367}.Release|x64.Build.0 = Release|Any CPU
		{F681D5F8-3428-4B90-B000-F89926539367}.Release|x86.ActiveCfg = Release|Any CPU
		{F681D5F8-3428-4B90-B000-F89926539367}.Release|x86.Build.0 = Release|Any CPU
	EndGlobalSection
	GlobalSection(SolutionProperties) = preSolution
		HideSolutionNode = FALSE
	EndGlobalSection
	GlobalSection(NestedProjects) = preSolution
		{995EDFA3-A0CC-4F84-A6F3-E1F207A8A987} = {4F52FD11-658E-A102-6CD3-7D7C16FFA15B}
		{2612FE69-3C00-42AB-80BE-ACBAA5C1E251} = {4F52FD11-658E-A102-6CD3-7D7C16FFA15B}
		{E37AD926-EF55-41D6-A5DE-B416CBF66946} = {4F52FD11-658E-A102-6CD3-7D7C16FFA15B}
		{356BE70E-D123-49EA-9DC1-12484A5387AD} = {FBF56CC3-7AE6-AD2D-3F14-7F97FD322CD6}
		{A46431D2-66E9-49BC-84E6-F1999FCFFF50} = {FBF56CC3-7AE6-AD2D-3F14-7F97FD322CD6}
		{301ADB67-3B1C-4399-BB69-C202390FB99C} = {FBF56CC3-7AE6-AD2D-3F14-7F97FD322CD6}
		{F681D5F8-3428-4B90-B000-F89926539367} = {FBF56CC3-7AE6-AD2D-3F14-7F97FD322CD6}
	EndGlobalSection
EndGlobal
